// !$*UTF8*$!
{
	archiveVersion = 1;
	classes = {
	};
	objectVersion = 55;
	objects = {

/* Begin PBXBuildFile section */
		319AA4D1626F0DA093222141 /* Pods_NECopyRightMedia_ExampleTests.framework in Frameworks */ = {isa = PBXBuildFile; fileRef = 4928806E2F0CED3390020A02 /* Pods_NECopyRightMedia_ExampleTests.framework */; };
		65C5DCB3B913AAC589EFC57C /* Pods_NECopyRightMedia_Example.framework in Frameworks */ = {isa = PBXBuildFile; fileRef = 04D36D0B49773E5FCA82E83A /* Pods_NECopyRightMedia_Example.framework */; };
		ED8CF06F28B8A3D400DC61A1 /* GenerateTestUserToken.m in Sources */ = {isa = PBXBuildFile; fileRef = ED8CF06E28B8A3D400DC61A1 /* GenerateTestUserToken.m */; };
		ED8CF07328B8C74700DC61A1 /* DynamicTokenHandleEngine.m in Sources */ = {isa = PBXBuildFile; fileRef = ED8CF07228B8C74700DC61A1 /* DynamicTokenHandleEngine.m */; };
		EDB434E62886A52C003A23F7 /* AppDelegate.m in Sources */ = {isa = PBXBuildFile; fileRef = EDB434E52886A52C003A23F7 /* AppDelegate.m */; };
		EDB434E92886A52C003A23F7 /* SceneDelegate.m in Sources */ = {isa = PBXBuildFile; fileRef = EDB434E82886A52C003A23F7 /* SceneDelegate.m */; };
		EDB434EC2886A52C003A23F7 /* ViewController.m in Sources */ = {isa = PBXBuildFile; fileRef = EDB434EB2886A52C003A23F7 /* ViewController.m */; };
		EDB434EF2886A52C003A23F7 /* Main.storyboard in Resources */ = {isa = PBXBuildFile; fileRef = EDB434ED2886A52C003A23F7 /* Main.storyboard */; };
		EDB434F12886A52D003A23F7 /* Assets.xcassets in Resources */ = {isa = PBXBuildFile; fileRef = EDB434F02886A52D003A23F7 /* Assets.xcassets */; };
		EDB434F42886A52D003A23F7 /* LaunchScreen.storyboard in Resources */ = {isa = PBXBuildFile; fileRef = EDB434F22886A52D003A23F7 /* LaunchScreen.storyboard */; };
		EDB434F72886A52D003A23F7 /* main.m in Sources */ = {isa = PBXBuildFile; fileRef = EDB434F62886A52D003A23F7 /* main.m */; };
		EDB435012886A52D003A23F7 /* NECopyRightMedia_ExampleTests.m in Sources */ = {isa = PBXBuildFile; fileRef = EDB435002886A52D003A23F7 /* NECopyRightMedia_ExampleTests.m */; };
		EDB4350B2886A52D003A23F7 /* NECopyRightMedia_ExampleUITests.m in Sources */ = {isa = PBXBuildFile; fileRef = EDB4350A2886A52D003A23F7 /* NECopyRightMedia_ExampleUITests.m */; };
		EDB4350D2886A52D003A23F7 /* NECopyRightMedia_ExampleUITestsLaunchTests.m in Sources */ = {isa = PBXBuildFile; fileRef = EDB4350C2886A52D003A23F7 /* NECopyRightMedia_ExampleUITestsLaunchTests.m */; };
		EDFD5EFA28B352D700B203AF /* RTCManager.m in Sources */ = {isa = PBXBuildFile; fileRef = EDFD5EF828B352D700B203AF /* RTCManager.m */; };
		FF1F888974FBA659B41A6FBF /* Pods_NECopyRightMedia_Example_NECopyRightMedia_ExampleUITests.framework in Frameworks */ = {isa = PBXBuildFile; fileRef = 9B8DE3DD0F0031C3A40BE3CC /* Pods_NECopyRightMedia_Example_NECopyRightMedia_ExampleUITests.framework */; };
/* End PBXBuildFile section */

/* Begin PBXContainerItemProxy section */
		EDB434FD2886A52D003A23F7 /* PBXContainerItemProxy */ = {
			isa = PBXContainerItemProxy;
			containerPortal = EDB434D92886A52C003A23F7 /* Project object */;
			proxyType = 1;
			remoteGlobalIDString = EDB434E02886A52C003A23F7;
			remoteInfo = "NECopyRightMedia-Example";
		};
		EDB435072886A52D003A23F7 /* PBXContainerItemProxy */ = {
			isa = PBXContainerItemProxy;
			containerPortal = EDB434D92886A52C003A23F7 /* Project object */;
			proxyType = 1;
			remoteGlobalIDString = EDB434E02886A52C003A23F7;
			remoteInfo = "NECopyRightMedia-Example";
		};
/* End PBXContainerItemProxy section */

/* Begin PBXCopyFilesBuildPhase section */
		EDFD5F0728B35E7A00B203AF /* Embed Frameworks */ = {
			isa = PBXCopyFilesBuildPhase;
			buildActionMask = 2147483647;
			dstPath = "";
			dstSubfolderSpec = 10;
			files = (
			);
			name = "Embed Frameworks";
			runOnlyForDeploymentPostprocessing = 0;
		};
/* End PBXCopyFilesBuildPhase section */

/* Begin PBXFileReference section */
		04579ADA55C3092393FE8969 /* Pods-NECopyRightMedia-ExampleTests.debug.xcconfig */ = {isa = PBXFileReference; includeInIndex = 1; lastKnownFileType = text.xcconfig; name = "Pods-NECopyRightMedia-ExampleTests.debug.xcconfig"; path = "Target Support Files/Pods-NECopyRightMedia-ExampleTests/Pods-NECopyRightMedia-ExampleTests.debug.xcconfig"; sourceTree = "<group>"; };
		04D36D0B49773E5FCA82E83A /* Pods_NECopyRightMedia_Example.framework */ = {isa = PBXFileReference; explicitFileType = wrapper.framework; includeInIndex = 0; path = Pods_NECopyRightMedia_Example.framework; sourceTree = BUILT_PRODUCTS_DIR; };
		31FAEE77D8476D5656B8F03A /* Pods-NECopyRightMedia-Example.debug.xcconfig */ = {isa = PBXFileReference; includeInIndex = 1; lastKnownFileType = text.xcconfig; name = "Pods-NECopyRightMedia-Example.debug.xcconfig"; path = "Target Support Files/Pods-NECopyRightMedia-Example/Pods-NECopyRightMedia-Example.debug.xcconfig"; sourceTree = "<group>"; };
		389C9538C72BD4CFFDBA31FC /* Pods-NECopyRightMedia-Example-NECopyRightMedia-ExampleUITests.release.xcconfig */ = {isa = PBXFileReference; includeInIndex = 1; lastKnownFileType = text.xcconfig; name = "Pods-NECopyRightMedia-Example-NECopyRightMedia-ExampleUITests.release.xcconfig"; path = "Target Support Files/Pods-NECopyRightMedia-Example-NECopyRightMedia-ExampleUITests/Pods-NECopyRightMedia-Example-NECopyRightMedia-ExampleUITests.release.xcconfig"; sourceTree = "<group>"; };
		3B482F1380A1FF1813DC0D9E /* Pods-NECopyRightMedia-Example.release.xcconfig */ = {isa = PBXFileReference; includeInIndex = 1; lastKnownFileType = text.xcconfig; name = "Pods-NECopyRightMedia-Example.release.xcconfig"; path = "Target Support Files/Pods-NECopyRightMedia-Example/Pods-NECopyRightMedia-Example.release.xcconfig"; sourceTree = "<group>"; };
		4928806E2F0CED3390020A02 /* Pods_NECopyRightMedia_ExampleTests.framework */ = {isa = PBXFileReference; explicitFileType = wrapper.framework; includeInIndex = 0; path = Pods_NECopyRightMedia_ExampleTests.framework; sourceTree = BUILT_PRODUCTS_DIR; };
		5F87D786CF76C7332EFE4E00 /* Pods-NECopyRightMedia-ExampleTests.release.xcconfig */ = {isa = PBXFileReference; includeInIndex = 1; lastKnownFileType = text.xcconfig; name = "Pods-NECopyRightMedia-ExampleTests.release.xcconfig"; path = "Target Support Files/Pods-NECopyRightMedia-ExampleTests/Pods-NECopyRightMedia-ExampleTests.release.xcconfig"; sourceTree = "<group>"; };
		9B8DE3DD0F0031C3A40BE3CC /* Pods_NECopyRightMedia_Example_NECopyRightMedia_ExampleUITests.framework */ = {isa = PBXFileReference; explicitFileType = wrapper.framework; includeInIndex = 0; path = Pods_NECopyRightMedia_Example_NECopyRightMedia_ExampleUITests.framework; sourceTree = BUILT_PRODUCTS_DIR; };
		DCC15F3D62B468562AC618D3 /* Pods-NECopyRightMedia-Example-NECopyRightMedia-ExampleUITests.debug.xcconfig */ = {isa = PBXFileReference; includeInIndex = 1; lastKnownFileType = text.xcconfig; name = "Pods-NECopyRightMedia-Example-NECopyRightMedia-ExampleUITests.debug.xcconfig"; path = "Target Support Files/Pods-NECopyRightMedia-Example-NECopyRightMedia-ExampleUITests/Pods-NECopyRightMedia-Example-NECopyRightMedia-ExampleUITests.debug.xcconfig"; sourceTree = "<group>"; };
		ED8CF06D28B8A3D400DC61A1 /* GenerateTestUserToken.h */ = {isa = PBXFileReference; lastKnownFileType = sourcecode.c.h; path = GenerateTestUserToken.h; sourceTree = "<group>"; };
		ED8CF06E28B8A3D400DC61A1 /* GenerateTestUserToken.m */ = {isa = PBXFileReference; lastKnownFileType = sourcecode.c.objc; path = GenerateTestUserToken.m; sourceTree = "<group>"; };
		ED8CF07028B8A48900DC61A1 /* NECopyrightedExampleMacro.h */ = {isa = PBXFileReference; lastKnownFileType = sourcecode.c.h; path = NECopyrightedExampleMacro.h; sourceTree = "<group>"; };
		ED8CF07128B8C74700DC61A1 /* DynamicTokenHandleEngine.h */ = {isa = PBXFileReference; lastKnownFileType = sourcecode.c.h; path = DynamicTokenHandleEngine.h; sourceTree = "<group>"; };
		ED8CF07228B8C74700DC61A1 /* DynamicTokenHandleEngine.m */ = {isa = PBXFileReference; lastKnownFileType = sourcecode.c.objc; path = DynamicTokenHandleEngine.m; sourceTree = "<group>"; };
		EDB434E12886A52C003A23F7 /* NECopyRightMedia-Example.app */ = {isa = PBXFileReference; explicitFileType = wrapper.application; includeInIndex = 0; path = "NECopyRightMedia-Example.app"; sourceTree = BUILT_PRODUCTS_DIR; };
		EDB434E42886A52C003A23F7 /* AppDelegate.h */ = {isa = PBXFileReference; lastKnownFileType = sourcecode.c.h; path = AppDelegate.h; sourceTree = "<group>"; };
		EDB434E52886A52C003A23F7 /* AppDelegate.m */ = {isa = PBXFileReference; lastKnownFileType = sourcecode.c.objc; path = AppDelegate.m; sourceTree = "<group>"; };
		EDB434E72886A52C003A23F7 /* SceneDelegate.h */ = {isa = PBXFileReference; lastKnownFileType = sourcecode.c.h; path = SceneDelegate.h; sourceTree = "<group>"; };
		EDB434E82886A52C003A23F7 /* SceneDelegate.m */ = {isa = PBXFileReference; lastKnownFileType = sourcecode.c.objc; path = SceneDelegate.m; sourceTree = "<group>"; };
		EDB434EA2886A52C003A23F7 /* ViewController.h */ = {isa = PBXFileReference; lastKnownFileType = sourcecode.c.h; path = ViewController.h; sourceTree = "<group>"; };
		EDB434EB2886A52C003A23F7 /* ViewController.m */ = {isa = PBXFileReference; lastKnownFileType = sourcecode.c.objc; path = ViewController.m; sourceTree = "<group>"; };
		EDB434EE2886A52C003A23F7 /* Base */ = {isa = PBXFileReference; lastKnownFileType = file.storyboard; name = Base; path = Base.lproj/Main.storyboard; sourceTree = "<group>"; };
		EDB434F02886A52D003A23F7 /* Assets.xcassets */ = {isa = PBXFileReference; lastKnownFileType = folder.assetcatalog; path = Assets.xcassets; sourceTree = "<group>"; };
		EDB434F32886A52D003A23F7 /* Base */ = {isa = PBXFileReference; lastKnownFileType = file.storyboard; name = Base; path = Base.lproj/LaunchScreen.storyboard; sourceTree = "<group>"; };
		EDB434F52886A52D003A23F7 /* Info.plist */ = {isa = PBXFileReference; lastKnownFileType = text.plist.xml; path = Info.plist; sourceTree = "<group>"; };
		EDB434F62886A52D003A23F7 /* main.m */ = {isa = PBXFileReference; lastKnownFileType = sourcecode.c.objc; path = main.m; sourceTree = "<group>"; };
		EDB434FC2886A52D003A23F7 /* NECopyRightMedia-ExampleTests.xctest */ = {isa = PBXFileReference; explicitFileType = wrapper.cfbundle; includeInIndex = 0; path = "NECopyRightMedia-ExampleTests.xctest"; sourceTree = BUILT_PRODUCTS_DIR; };
		EDB435002886A52D003A23F7 /* NECopyRightMedia_ExampleTests.m */ = {isa = PBXFileReference; lastKnownFileType = sourcecode.c.objc; path = NECopyRightMedia_ExampleTests.m; sourceTree = "<group>"; };
		EDB435062886A52D003A23F7 /* NECopyRightMedia-ExampleUITests.xctest */ = {isa = PBXFileReference; explicitFileType = wrapper.cfbundle; includeInIndex = 0; path = "NECopyRightMedia-ExampleUITests.xctest"; sourceTree = BUILT_PRODUCTS_DIR; };
		EDB4350A2886A52D003A23F7 /* NECopyRightMedia_ExampleUITests.m */ = {isa = PBXFileReference; lastKnownFileType = sourcecode.c.objc; path = NECopyRightMedia_ExampleUITests.m; sourceTree = "<group>"; };
		EDB4350C2886A52D003A23F7 /* NECopyRightMedia_ExampleUITestsLaunchTests.m */ = {isa = PBXFileReference; lastKnownFileType = sourcecode.c.objc; path = NECopyRightMedia_ExampleUITestsLaunchTests.m; sourceTree = "<group>"; };
		EDFD5EF828B352D700B203AF /* RTCManager.m */ = {isa = PBXFileReference; fileEncoding = 4; lastKnownFileType = sourcecode.c.objc; path = RTCManager.m; sourceTree = "<group>"; };
		EDFD5EF928B352D700B203AF /* RTCManager.h */ = {isa = PBXFileReference; fileEncoding = 4; lastKnownFileType = sourcecode.c.h; path = RTCManager.h; sourceTree = "<group>"; };
/* End PBXFileReference section */

/* Begin PBXFrameworksBuildPhase section */
		EDB434DE2886A52C003A23F7 /* Frameworks */ = {
			isa = PBXFrameworksBuildPhase;
			buildActionMask = 2147483647;
			files = (
				65C5DCB3B913AAC589EFC57C /* Pods_NECopyRightMedia_Example.framework in Frameworks */,
			);
			runOnlyForDeploymentPostprocessing = 0;
		};
		EDB434F92886A52D003A23F7 /* Frameworks */ = {
			isa = PBXFrameworksBuildPhase;
			buildActionMask = 2147483647;
			files = (
				319AA4D1626F0DA093222141 /* Pods_NECopyRightMedia_ExampleTests.framework in Frameworks */,
			);
			runOnlyForDeploymentPostprocessing = 0;
		};
		EDB435032886A52D003A23F7 /* Frameworks */ = {
			isa = PBXFrameworksBuildPhase;
			buildActionMask = 2147483647;
			files = (
				FF1F888974FBA659B41A6FBF /* Pods_NECopyRightMedia_Example_NECopyRightMedia_ExampleUITests.framework in Frameworks */,
			);
			runOnlyForDeploymentPostprocessing = 0;
		};
/* End PBXFrameworksBuildPhase section */

/* Begin PBXGroup section */
		422867D50D505DE5D7486E7F /* Pods */ = {
			isa = PBXGroup;
			children = (
				31FAEE77D8476D5656B8F03A /* Pods-NECopyRightMedia-Example.debug.xcconfig */,
				3B482F1380A1FF1813DC0D9E /* Pods-NECopyRightMedia-Example.release.xcconfig */,
				DCC15F3D62B468562AC618D3 /* Pods-NECopyRightMedia-Example-NECopyRightMedia-ExampleUITests.debug.xcconfig */,
				389C9538C72BD4CFFDBA31FC /* Pods-NECopyRightMedia-Example-NECopyRightMedia-ExampleUITests.release.xcconfig */,
				04579ADA55C3092393FE8969 /* Pods-NECopyRightMedia-ExampleTests.debug.xcconfig */,
				5F87D786CF76C7332EFE4E00 /* Pods-NECopyRightMedia-ExampleTests.release.xcconfig */,
			);
			path = Pods;
			sourceTree = "<group>";
		};
		B67E9924CEE51CD7B87DDA04 /* Frameworks */ = {
			isa = PBXGroup;
			children = (
				04D36D0B49773E5FCA82E83A /* Pods_NECopyRightMedia_Example.framework */,
				9B8DE3DD0F0031C3A40BE3CC /* Pods_NECopyRightMedia_Example_NECopyRightMedia_ExampleUITests.framework */,
				4928806E2F0CED3390020A02 /* Pods_NECopyRightMedia_ExampleTests.framework */,
			);
			name = Frameworks;
			sourceTree = "<group>";
		};
		EDB434D82886A52C003A23F7 = {
			isa = PBXGroup;
			children = (
				EDB434E32886A52C003A23F7 /* NECopyRightMedia-Example */,
				EDB434FF2886A52D003A23F7 /* NECopyRightMedia-ExampleTests */,
				EDB435092886A52D003A23F7 /* NECopyRightMedia-ExampleUITests */,
				EDB434E22886A52C003A23F7 /* Products */,
				422867D50D505DE5D7486E7F /* Pods */,
				B67E9924CEE51CD7B87DDA04 /* Frameworks */,
			);
			sourceTree = "<group>";
		};
		EDB434E22886A52C003A23F7 /* Products */ = {
			isa = PBXGroup;
			children = (
				EDB434E12886A52C003A23F7 /* NECopyRightMedia-Example.app */,
				EDB434FC2886A52D003A23F7 /* NECopyRightMedia-ExampleTests.xctest */,
				EDB435062886A52D003A23F7 /* NECopyRightMedia-ExampleUITests.xctest */,
			);
			name = Products;
			sourceTree = "<group>";
		};
		EDB434E32886A52C003A23F7 /* NECopyRightMedia-Example */ = {
			isa = PBXGroup;
			children = (
				EDFD5EF728B3520F00B203AF /* RTC */,
				EDB434E42886A52C003A23F7 /* AppDelegate.h */,
				EDB434E52886A52C003A23F7 /* AppDelegate.m */,
				EDB434E72886A52C003A23F7 /* SceneDelegate.h */,
				EDB434E82886A52C003A23F7 /* SceneDelegate.m */,
				EDB434EA2886A52C003A23F7 /* ViewController.h */,
				EDB434EB2886A52C003A23F7 /* ViewController.m */,
				ED8CF06D28B8A3D400DC61A1 /* GenerateTestUserToken.h */,
				ED8CF06E28B8A3D400DC61A1 /* GenerateTestUserToken.m */,
				ED8CF07128B8C74700DC61A1 /* DynamicTokenHandleEngine.h */,
				ED8CF07228B8C74700DC61A1 /* DynamicTokenHandleEngine.m */,
				ED8CF07028B8A48900DC61A1 /* NECopyrightedExampleMacro.h */,
				EDB434ED2886A52C003A23F7 /* Main.storyboard */,
				EDB434F02886A52D003A23F7 /* Assets.xcassets */,
				EDB434F22886A52D003A23F7 /* LaunchScreen.storyboard */,
				EDB434F52886A52D003A23F7 /* Info.plist */,
				EDB434F62886A52D003A23F7 /* main.m */,
			);
			path = "NECopyRightMedia-Example";
			sourceTree = "<group>";
		};
		EDB434FF2886A52D003A23F7 /* NECopyRightMedia-ExampleTests */ = {
			isa = PBXGroup;
			children = (
				EDB435002886A52D003A23F7 /* NECopyRightMedia_ExampleTests.m */,
			);
			path = "NECopyRightMedia-ExampleTests";
			sourceTree = "<group>";
		};
		EDB435092886A52D003A23F7 /* NECopyRightMedia-ExampleUITests */ = {
			isa = PBXGroup;
			children = (
				EDB4350A2886A52D003A23F7 /* NECopyRightMedia_ExampleUITests.m */,
				EDB4350C2886A52D003A23F7 /* NECopyRightMedia_ExampleUITestsLaunchTests.m */,
			);
			path = "NECopyRightMedia-ExampleUITests";
			sourceTree = "<group>";
		};
		EDFD5EF728B3520F00B203AF /* RTC */ = {
			isa = PBXGroup;
			children = (
				EDFD5EF928B352D700B203AF /* RTCManager.h */,
				EDFD5EF828B352D700B203AF /* RTCManager.m */,
			);
			path = RTC;
			sourceTree = "<group>";
		};
/* End PBXGroup section */

/* Begin PBXNativeTarget section */
		EDB434E02886A52C003A23F7 /* NECopyRightMedia-Example */ = {
			isa = PBXNativeTarget;
			buildConfigurationList = EDB435102886A52D003A23F7 /* Build configuration list for PBXNativeTarget "NECopyRightMedia-Example" */;
			buildPhases = (
				AC751950264CC5D7F67718E2 /* [CP] Check Pods Manifest.lock */,
				EDB434DD2886A52C003A23F7 /* Sources */,
				EDB434DE2886A52C003A23F7 /* Frameworks */,
				EDB434DF2886A52C003A23F7 /* Resources */,
				34295CC4F48DEFC5D4DEA2BF /* [CP] Embed Pods Frameworks */,
				EDFD5F0728B35E7A00B203AF /* Embed Frameworks */,
			);
			buildRules = (
			);
			dependencies = (
			);
			name = "NECopyRightMedia-Example";
			productName = "NECopyRightMedia-Example";
			productReference = EDB434E12886A52C003A23F7 /* NECopyRightMedia-Example.app */;
			productType = "com.apple.product-type.application";
		};
		EDB434FB2886A52D003A23F7 /* NECopyRightMedia-ExampleTests */ = {
			isa = PBXNativeTarget;
			buildConfigurationList = EDB435132886A52D003A23F7 /* Build configuration list for PBXNativeTarget "NECopyRightMedia-ExampleTests" */;
			buildPhases = (
				E55345928182217E45F1B0D5 /* [CP] Check Pods Manifest.lock */,
				EDB434F82886A52D003A23F7 /* Sources */,
				EDB434F92886A52D003A23F7 /* Frameworks */,
				EDB434FA2886A52D003A23F7 /* Resources */,
			);
			buildRules = (
			);
			dependencies = (
				EDB434FE2886A52D003A23F7 /* PBXTargetDependency */,
			);
			name = "NECopyRightMedia-ExampleTests";
			productName = "NECopyRightMedia-ExampleTests";
			productReference = EDB434FC2886A52D003A23F7 /* NECopyRightMedia-ExampleTests.xctest */;
			productType = "com.apple.product-type.bundle.unit-test";
		};
		EDB435052886A52D003A23F7 /* NECopyRightMedia-ExampleUITests */ = {
			isa = PBXNativeTarget;
			buildConfigurationList = EDB435162886A52D003A23F7 /* Build configuration list for PBXNativeTarget "NECopyRightMedia-ExampleUITests" */;
			buildPhases = (
				9980335B5D954047817A1CB9 /* [CP] Check Pods Manifest.lock */,
				EDB435022886A52D003A23F7 /* Sources */,
				EDB435032886A52D003A23F7 /* Frameworks */,
				EDB435042886A52D003A23F7 /* Resources */,
				B0681329D40A09E91E631D95 /* [CP] Embed Pods Frameworks */,
			);
			buildRules = (
			);
			dependencies = (
				EDB435082886A52D003A23F7 /* PBXTargetDependency */,
			);
			name = "NECopyRightMedia-ExampleUITests";
			productName = "NECopyRightMedia-ExampleUITests";
			productReference = EDB435062886A52D003A23F7 /* NECopyRightMedia-ExampleUITests.xctest */;
			productType = "com.apple.product-type.bundle.ui-testing";
		};
/* End PBXNativeTarget section */

/* Begin PBXProject section */
		EDB434D92886A52C003A23F7 /* Project object */ = {
			isa = PBXProject;
			attributes = {
				BuildIndependentTargetsInParallel = 1;
				LastUpgradeCheck = 1340;
				TargetAttributes = {
					EDB434E02886A52C003A23F7 = {
						CreatedOnToolsVersion = 13.4.1;
					};
					EDB434FB2886A52D003A23F7 = {
						CreatedOnToolsVersion = 13.4.1;
						TestTargetID = EDB434E02886A52C003A23F7;
					};
					EDB435052886A52D003A23F7 = {
						CreatedOnToolsVersion = 13.4.1;
						TestTargetID = EDB434E02886A52C003A23F7;
					};
				};
			};
			buildConfigurationList = EDB434DC2886A52C003A23F7 /* Build configuration list for PBXProject "NECopyRightMedia-Example" */;
			compatibilityVersion = "Xcode 13.0";
			developmentRegion = en;
			hasScannedForEncodings = 0;
			knownRegions = (
				en,
				Base,
			);
			mainGroup = EDB434D82886A52C003A23F7;
			productRefGroup = EDB434E22886A52C003A23F7 /* Products */;
			projectDirPath = "";
			projectRoot = "";
			targets = (
				EDB434E02886A52C003A23F7 /* NECopyRightMedia-Example */,
				EDB434FB2886A52D003A23F7 /* NECopyRightMedia-ExampleTests */,
				EDB435052886A52D003A23F7 /* NECopyRightMedia-ExampleUITests */,
			);
		};
/* End PBXProject section */

/* Begin PBXResourcesBuildPhase section */
		EDB434DF2886A52C003A23F7 /* Resources */ = {
			isa = PBXResourcesBuildPhase;
			buildActionMask = 2147483647;
			files = (
				EDB434F42886A52D003A23F7 /* LaunchScreen.storyboard in Resources */,
				EDB434F12886A52D003A23F7 /* Assets.xcassets in Resources */,
				EDB434EF2886A52C003A23F7 /* Main.storyboard in Resources */,
			);
			runOnlyForDeploymentPostprocessing = 0;
		};
		EDB434FA2886A52D003A23F7 /* Resources */ = {
			isa = PBXResourcesBuildPhase;
			buildActionMask = 2147483647;
			files = (
			);
			runOnlyForDeploymentPostprocessing = 0;
		};
		EDB435042886A52D003A23F7 /* Resources */ = {
			isa = PBXResourcesBuildPhase;
			buildActionMask = 2147483647;
			files = (
			);
			runOnlyForDeploymentPostprocessing = 0;
		};
/* End PBXResourcesBuildPhase section */

/* Begin PBXShellScriptBuildPhase section */
		34295CC4F48DEFC5D4DEA2BF /* [CP] Embed Pods Frameworks */ = {
			isa = PBXShellScriptBuildPhase;
			buildActionMask = 2147483647;
			files = (
			);
			inputFileListPaths = (
				"${PODS_ROOT}/Target Support Files/Pods-NECopyRightMedia-Example/Pods-NECopyRightMedia-Example-frameworks-${CONFIGURATION}-input-files.xcfilelist",
			);
			name = "[CP] Embed Pods Frameworks";
			outputFileListPaths = (
				"${PODS_ROOT}/Target Support Files/Pods-NECopyRightMedia-Example/Pods-NECopyRightMedia-Example-frameworks-${CONFIGURATION}-output-files.xcfilelist",
			);
			runOnlyForDeploymentPostprocessing = 0;
			shellPath = /bin/sh;
			shellScript = "\"${PODS_ROOT}/Target Support Files/Pods-NECopyRightMedia-Example/Pods-NECopyRightMedia-Example-frameworks.sh\"\n";
			showEnvVarsInLog = 0;
		};
		9980335B5D954047817A1CB9 /* [CP] Check Pods Manifest.lock */ = {
			isa = PBXShellScriptBuildPhase;
			buildActionMask = 2147483647;
			files = (
			);
			inputFileListPaths = (
			);
			inputPaths = (
				"${PODS_PODFILE_DIR_PATH}/Podfile.lock",
				"${PODS_ROOT}/Manifest.lock",
			);
			name = "[CP] Check Pods Manifest.lock";
			outputFileListPaths = (
			);
			outputPaths = (
				"$(DERIVED_FILE_DIR)/Pods-NECopyRightMedia-Example-NECopyRightMedia-ExampleUITests-checkManifestLockResult.txt",
			);
			runOnlyForDeploymentPostprocessing = 0;
			shellPath = /bin/sh;
			shellScript = "diff \"${PODS_PODFILE_DIR_PATH}/Podfile.lock\" \"${PODS_ROOT}/Manifest.lock\" > /dev/null\nif [ $? != 0 ] ; then\n    # print error to STDERR\n    echo \"error: The sandbox is not in sync with the Podfile.lock. Run 'pod install' or update your CocoaPods installation.\" >&2\n    exit 1\nfi\n# This output is used by Xcode 'outputs' to avoid re-running this script phase.\necho \"SUCCESS\" > \"${SCRIPT_OUTPUT_FILE_0}\"\n";
			showEnvVarsInLog = 0;
		};
		AC751950264CC5D7F67718E2 /* [CP] Check Pods Manifest.lock */ = {
			isa = PBXShellScriptBuildPhase;
			buildActionMask = 2147483647;
			files = (
			);
			inputFileListPaths = (
			);
			inputPaths = (
				"${PODS_PODFILE_DIR_PATH}/Podfile.lock",
				"${PODS_ROOT}/Manifest.lock",
			);
			name = "[CP] Check Pods Manifest.lock";
			outputFileListPaths = (
			);
			outputPaths = (
				"$(DERIVED_FILE_DIR)/Pods-NECopyRightMedia-Example-checkManifestLockResult.txt",
			);
			runOnlyForDeploymentPostprocessing = 0;
			shellPath = /bin/sh;
			shellScript = "diff \"${PODS_PODFILE_DIR_PATH}/Podfile.lock\" \"${PODS_ROOT}/Manifest.lock\" > /dev/null\nif [ $? != 0 ] ; then\n    # print error to STDERR\n    echo \"error: The sandbox is not in sync with the Podfile.lock. Run 'pod install' or update your CocoaPods installation.\" >&2\n    exit 1\nfi\n# This output is used by Xcode 'outputs' to avoid re-running this script phase.\necho \"SUCCESS\" > \"${SCRIPT_OUTPUT_FILE_0}\"\n";
			showEnvVarsInLog = 0;
		};
		B0681329D40A09E91E631D95 /* [CP] Embed Pods Frameworks */ = {
			isa = PBXShellScriptBuildPhase;
			buildActionMask = 2147483647;
			files = (
			);
			inputFileListPaths = (
				"${PODS_ROOT}/Target Support Files/Pods-NECopyRightMedia-Example-NECopyRightMedia-ExampleUITests/Pods-NECopyRightMedia-Example-NECopyRightMedia-ExampleUITests-frameworks-${CONFIGURATION}-input-files.xcfilelist",
			);
			name = "[CP] Embed Pods Frameworks";
			outputFileListPaths = (
				"${PODS_ROOT}/Target Support Files/Pods-NECopyRightMedia-Example-NECopyRightMedia-ExampleUITests/Pods-NECopyRightMedia-Example-NECopyRightMedia-ExampleUITests-frameworks-${CONFIGURATION}-output-files.xcfilelist",
			);
			runOnlyForDeploymentPostprocessing = 0;
			shellPath = /bin/sh;
			shellScript = "\"${PODS_ROOT}/Target Support Files/Pods-NECopyRightMedia-Example-NECopyRightMedia-ExampleUITests/Pods-NECopyRightMedia-Example-NECopyRightMedia-ExampleUITests-frameworks.sh\"\n";
			showEnvVarsInLog = 0;
		};
		E55345928182217E45F1B0D5 /* [CP] Check Pods Manifest.lock */ = {
			isa = PBXShellScriptBuildPhase;
			buildActionMask = 2147483647;
			files = (
			);
			inputFileListPaths = (
			);
			inputPaths = (
				"${PODS_PODFILE_DIR_PATH}/Podfile.lock",
				"${PODS_ROOT}/Manifest.lock",
			);
			name = "[CP] Check Pods Manifest.lock";
			outputFileListPaths = (
			);
			outputPaths = (
				"$(DERIVED_FILE_DIR)/Pods-NECopyRightMedia-ExampleTests-checkManifestLockResult.txt",
			);
			runOnlyForDeploymentPostprocessing = 0;
			shellPath = /bin/sh;
			shellScript = "diff \"${PODS_PODFILE_DIR_PATH}/Podfile.lock\" \"${PODS_ROOT}/Manifest.lock\" > /dev/null\nif [ $? != 0 ] ; then\n    # print error to STDERR\n    echo \"error: The sandbox is not in sync with the Podfile.lock. Run 'pod install' or update your CocoaPods installation.\" >&2\n    exit 1\nfi\n# This output is used by Xcode 'outputs' to avoid re-running this script phase.\necho \"SUCCESS\" > \"${SCRIPT_OUTPUT_FILE_0}\"\n";
			showEnvVarsInLog = 0;
		};
/* End PBXShellScriptBuildPhase section */

/* Begin PBXSourcesBuildPhase section */
		EDB434DD2886A52C003A23F7 /* Sources */ = {
			isa = PBXSourcesBuildPhase;
			buildActionMask = 2147483647;
			files = (
				EDB434EC2886A52C003A23F7 /* ViewController.m in Sources */,
				ED8CF06F28B8A3D400DC61A1 /* GenerateTestUserToken.m in Sources */,
				EDFD5EFA28B352D700B203AF /* RTCManager.m in Sources */,
				EDB434E62886A52C003A23F7 /* AppDelegate.m in Sources */,
				ED8CF07328B8C74700DC61A1 /* DynamicTokenHandleEngine.m in Sources */,
				EDB434F72886A52D003A23F7 /* main.m in Sources */,
				EDB434E92886A52C003A23F7 /* SceneDelegate.m in Sources */,
			);
			runOnlyForDeploymentPostprocessing = 0;
		};
		EDB434F82886A52D003A23F7 /* Sources */ = {
			isa = PBXSourcesBuildPhase;
			buildActionMask = 2147483647;
			files = (
				EDB435012886A52D003A23F7 /* NECopyRightMedia_ExampleTests.m in Sources */,
			);
			runOnlyForDeploymentPostprocessing = 0;
		};
		EDB435022886A52D003A23F7 /* Sources */ = {
			isa = PBXSourcesBuildPhase;
			buildActionMask = 2147483647;
			files = (
				EDB4350B2886A52D003A23F7 /* NECopyRightMedia_ExampleUITests.m in Sources */,
				EDB4350D2886A52D003A23F7 /* NECopyRightMedia_ExampleUITestsLaunchTests.m in Sources */,
			);
			runOnlyForDeploymentPostprocessing = 0;
		};
/* End PBXSourcesBuildPhase section */

/* Begin PBXTargetDependency section */
		EDB434FE2886A52D003A23F7 /* PBXTargetDependency */ = {
			isa = PBXTargetDependency;
			target = EDB434E02886A52C003A23F7 /* NECopyRightMedia-Example */;
			targetProxy = EDB434FD2886A52D003A23F7 /* PBXContainerItemProxy */;
		};
		EDB435082886A52D003A23F7 /* PBXTargetDependency */ = {
			isa = PBXTargetDependency;
			target = EDB434E02886A52C003A23F7 /* NECopyRightMedia-Example */;
			targetProxy = EDB435072886A52D003A23F7 /* PBXContainerItemProxy */;
		};
/* End PBXTargetDependency section */

/* Begin PBXVariantGroup section */
		EDB434ED2886A52C003A23F7 /* Main.storyboard */ = {
			isa = PBXVariantGroup;
			children = (
				EDB434EE2886A52C003A23F7 /* Base */,
			);
			name = Main.storyboard;
			sourceTree = "<group>";
		};
		EDB434F22886A52D003A23F7 /* LaunchScreen.storyboard */ = {
			isa = PBXVariantGroup;
			children = (
				EDB434F32886A52D003A23F7 /* Base */,
			);
			name = LaunchScreen.storyboard;
			sourceTree = "<group>";
		};
/* End PBXVariantGroup section */

/* Begin XCBuildConfiguration section */
		EDB4350E2886A52D003A23F7 /* Debug */ = {
			isa = XCBuildConfiguration;
			buildSettings = {
				ALWAYS_SEARCH_USER_PATHS = NO;
				CLANG_ANALYZER_NONNULL = YES;
				CLANG_ANALYZER_NUMBER_OBJECT_CONVERSION = YES_AGGRESSIVE;
				CLANG_CXX_LANGUAGE_STANDARD = "gnu++17";
				CLANG_ENABLE_MODULES = YES;
				CLANG_ENABLE_OBJC_ARC = YES;
				CLANG_ENABLE_OBJC_WEAK = YES;
				CLANG_WARN_BLOCK_CAPTURE_AUTORELEASING = YES;
				CLANG_WARN_BOOL_CONVERSION = YES;
				CLANG_WARN_COMMA = YES;
				CLANG_WARN_CONSTANT_CONVERSION = YES;
				CLANG_WARN_DEPRECATED_OBJC_IMPLEMENTATIONS = YES;
				CLANG_WARN_DIRECT_OBJC_ISA_USAGE = YES_ERROR;
				CLANG_WARN_DOCUMENTATION_COMMENTS = YES;
				CLANG_WARN_EMPTY_BODY = YES;
				CLANG_WARN_ENUM_CONVERSION = YES;
				CLANG_WARN_INFINITE_RECURSION = YES;
				CLANG_WARN_INT_CONVERSION = YES;
				CLANG_WARN_NON_LITERAL_NULL_CONVERSION = YES;
				CLANG_WARN_OBJC_IMPLICIT_RETAIN_SELF = YES;
				CLANG_WARN_OBJC_LITERAL_CONVERSION = YES;
				CLANG_WARN_OBJC_ROOT_CLASS = YES_ERROR;
				CLANG_WARN_QUOTED_INCLUDE_IN_FRAMEWORK_HEADER = YES;
				CLANG_WARN_RANGE_LOOP_ANALYSIS = YES;
				CLANG_WARN_STRICT_PROTOTYPES = YES;
				CLANG_WARN_SUSPICIOUS_MOVE = YES;
				CLANG_WARN_UNGUARDED_AVAILABILITY = YES_AGGRESSIVE;
				CLANG_WARN_UNREACHABLE_CODE = YES;
				CLANG_WARN__DUPLICATE_METHOD_MATCH = YES;
				COPY_PHASE_STRIP = NO;
				DEBUG_INFORMATION_FORMAT = dwarf;
				ENABLE_STRICT_OBJC_MSGSEND = YES;
				ENABLE_TESTABILITY = YES;
				GCC_C_LANGUAGE_STANDARD = gnu11;
				GCC_DYNAMIC_NO_PIC = NO;
				GCC_NO_COMMON_BLOCKS = YES;
				GCC_OPTIMIZATION_LEVEL = 0;
				GCC_PREPROCESSOR_DEFINITIONS = (
					"DEBUG=1",
					"$(inherited)",
				);
				GCC_WARN_64_TO_32_BIT_CONVERSION = YES;
				GCC_WARN_ABOUT_RETURN_TYPE = YES_ERROR;
				GCC_WARN_UNDECLARED_SELECTOR = YES;
				GCC_WARN_UNINITIALIZED_AUTOS = YES_AGGRESSIVE;
				GCC_WARN_UNUSED_FUNCTION = YES;
				GCC_WARN_UNUSED_VARIABLE = YES;
				IPHONEOS_DEPLOYMENT_TARGET = 11.0;
				MTL_ENABLE_DEBUG_INFO = INCLUDE_SOURCE;
				MTL_FAST_MATH = YES;
				ONLY_ACTIVE_ARCH = YES;
				SDKROOT = iphoneos;
			};
			name = Debug;
		};
		EDB4350F2886A52D003A23F7 /* Release */ = {
			isa = XCBuildConfiguration;
			buildSettings = {
				ALWAYS_SEARCH_USER_PATHS = NO;
				CLANG_ANALYZER_NONNULL = YES;
				CLANG_ANALYZER_NUMBER_OBJECT_CONVERSION = YES_AGGRESSIVE;
				CLANG_CXX_LANGUAGE_STANDARD = "gnu++17";
				CLANG_ENABLE_MODULES = YES;
				CLANG_ENABLE_OBJC_ARC = YES;
				CLANG_ENABLE_OBJC_WEAK = YES;
				CLANG_WARN_BLOCK_CAPTURE_AUTORELEASING = YES;
				CLANG_WARN_BOOL_CONVERSION = YES;
				CLANG_WARN_COMMA = YES;
				CLANG_WARN_CONSTANT_CONVERSION = YES;
				CLANG_WARN_DEPRECATED_OBJC_IMPLEMENTATIONS = YES;
				CLANG_WARN_DIRECT_OBJC_ISA_USAGE = YES_ERROR;
				CLANG_WARN_DOCUMENTATION_COMMENTS = YES;
				CLANG_WARN_EMPTY_BODY = YES;
				CLANG_WARN_ENUM_CONVERSION = YES;
				CLANG_WARN_INFINITE_RECURSION = YES;
				CLANG_WARN_INT_CONVERSION = YES;
				CLANG_WARN_NON_LITERAL_NULL_CONVERSION = YES;
				CLANG_WARN_OBJC_IMPLICIT_RETAIN_SELF = YES;
				CLANG_WARN_OBJC_LITERAL_CONVERSION = YES;
				CLANG_WARN_OBJC_ROOT_CLASS = YES_ERROR;
				CLANG_WARN_QUOTED_INCLUDE_IN_FRAMEWORK_HEADER = YES;
				CLANG_WARN_RANGE_LOOP_ANALYSIS = YES;
				CLANG_WARN_STRICT_PROTOTYPES = YES;
				CLANG_WARN_SUSPICIOUS_MOVE = YES;
				CLANG_WARN_UNGUARDED_AVAILABILITY = YES_AGGRESSIVE;
				CLANG_WARN_UNREACHABLE_CODE = YES;
				CLANG_WARN__DUPLICATE_METHOD_MATCH = YES;
				COPY_PHASE_STRIP = NO;
				DEBUG_INFORMATION_FORMAT = "dwarf-with-dsym";
				ENABLE_NS_ASSERTIONS = NO;
				ENABLE_STRICT_OBJC_MSGSEND = YES;
				GCC_C_LANGUAGE_STANDARD = gnu11;
				GCC_NO_COMMON_BLOCKS = YES;
				GCC_WARN_64_TO_32_BIT_CONVERSION = YES;
				GCC_WARN_ABOUT_RETURN_TYPE = YES_ERROR;
				GCC_WARN_UNDECLARED_SELECTOR = YES;
				GCC_WARN_UNINITIALIZED_AUTOS = YES_AGGRESSIVE;
				GCC_WARN_UNUSED_FUNCTION = YES;
				GCC_WARN_UNUSED_VARIABLE = YES;
				IPHONEOS_DEPLOYMENT_TARGET = 11.0;
				MTL_ENABLE_DEBUG_INFO = NO;
				MTL_FAST_MATH = YES;
				SDKROOT = iphoneos;
				VALIDATE_PRODUCT = YES;
			};
			name = Release;
		};
		EDB435112886A52D003A23F7 /* Debug */ = {
			isa = XCBuildConfiguration;
			baseConfigurationReference = 31FAEE77D8476D5656B8F03A /* Pods-NECopyRightMedia-Example.debug.xcconfig */;
			buildSettings = {
				ASSETCATALOG_COMPILER_APPICON_NAME = AppIcon;
				ASSETCATALOG_COMPILER_GLOBAL_ACCENT_COLOR_NAME = AccentColor;
				CODE_SIGN_STYLE = Automatic;
				CURRENT_PROJECT_VERSION = 1;
				DEVELOPMENT_TEAM = 569GNZ5392;
				ENABLE_BITCODE = NO;
				FRAMEWORK_SEARCH_PATHS = (
					"$(inherited)",
					"$(PROJECT_DIR)/NECopyRightMedia-Example",
				);
				GENERATE_INFOPLIST_FILE = YES;
				HEADER_SEARCH_PATHS = (
					"$(inherited)",
					"\"${PODS_CONFIGURATION_BUILD_DIR}/Masonry/Masonry.framework/Headers\"",
				);
				INFOPLIST_FILE = "NECopyRightMedia-Example/Info.plist";
				INFOPLIST_KEY_NSMicrophoneUsageDescription = "";
				INFOPLIST_KEY_UIApplicationSupportsIndirectInputEvents = YES;
				INFOPLIST_KEY_UILaunchStoryboardName = LaunchScreen;
				INFOPLIST_KEY_UIMainStoryboardFile = Main;
				INFOPLIST_KEY_UISupportedInterfaceOrientations_iPad = "UIInterfaceOrientationPortrait UIInterfaceOrientationPortraitUpsideDown UIInterfaceOrientationLandscapeLeft UIInterfaceOrientationLandscapeRight";
				INFOPLIST_KEY_UISupportedInterfaceOrientations_iPhone = "UIInterfaceOrientationPortrait UIInterfaceOrientationLandscapeLeft UIInterfaceOrientationLandscapeRight";
				LD_RUNPATH_SEARCH_PATHS = (
					"$(inherited)",
					"@executable_path/Frameworks",
				);
				MARKETING_VERSION = 1.0;
				PRODUCT_BUNDLE_IDENTIFIER = "com.netease.yunxin.kit.liveroom.-YinJieApp.NECopyRightMedia-Example";
				PRODUCT_NAME = "$(TARGET_NAME)";
				SWIFT_EMIT_LOC_STRINGS = YES;
				TARGETED_DEVICE_FAMILY = "1,2";
			};
			name = Debug;
		};
		EDB435122886A52D003A23F7 /* Release */ = {
			isa = XCBuildConfiguration;
			baseConfigurationReference = 3B482F1380A1FF1813DC0D9E /* Pods-NECopyRightMedia-Example.release.xcconfig */;
			buildSettings = {
				ASSETCATALOG_COMPILER_APPICON_NAME = AppIcon;
				ASSETCATALOG_COMPILER_GLOBAL_ACCENT_COLOR_NAME = AccentColor;
				CODE_SIGN_STYLE = Automatic;
				CURRENT_PROJECT_VERSION = 1;
				DEVELOPMENT_TEAM = 569GNZ5392;
				ENABLE_BITCODE = NO;
				FRAMEWORK_SEARCH_PATHS = (
					"$(inherited)",
					"$(PROJECT_DIR)/NECopyRightMedia-Example",
				);
				GENERATE_INFOPLIST_FILE = YES;
				HEADER_SEARCH_PATHS = (
					"$(inherited)",
					"\"${PODS_CONFIGURATION_BUILD_DIR}/Masonry/Masonry.framework/Headers\"",
				);
				INFOPLIST_FILE = "NECopyRightMedia-Example/Info.plist";
				INFOPLIST_KEY_NSMicrophoneUsageDescription = "";
				INFOPLIST_KEY_UIApplicationSupportsIndirectInputEvents = YES;
				INFOPLIST_KEY_UILaunchStoryboardName = LaunchScreen;
				INFOPLIST_KEY_UIMainStoryboardFile = Main;
				INFOPLIST_KEY_UISupportedInterfaceOrientations_iPad = "UIInterfaceOrientationPortrait UIInterfaceOrientationPortraitUpsideDown UIInterfaceOrientationLandscapeLeft UIInterfaceOrientationLandscapeRight";
				INFOPLIST_KEY_UISupportedInterfaceOrientations_iPhone = "UIInterfaceOrientationPortrait UIInterfaceOrientationLandscapeLeft UIInterfaceOrientationLandscapeRight";
				LD_RUNPATH_SEARCH_PATHS = (
					"$(inherited)",
					"@executable_path/Frameworks",
				);
				MARKETING_VERSION = 1.0;
				PRODUCT_BUNDLE_IDENTIFIER = "com.netease.yunxin.kit.liveroom.-YinJieApp.NECopyRightMedia-Example";
				PRODUCT_NAME = "$(TARGET_NAME)";
				SWIFT_EMIT_LOC_STRINGS = YES;
				TARGETED_DEVICE_FAMILY = "1,2";
			};
			name = Release;
		};
		EDB435142886A52D003A23F7 /* Debug */ = {
			isa = XCBuildConfiguration;
			baseConfigurationReference = 04579ADA55C3092393FE8969 /* Pods-NECopyRightMedia-ExampleTests.debug.xcconfig */;
			buildSettings = {
				BUNDLE_LOADER = "$(TEST_HOST)";
				CODE_SIGN_STYLE = Automatic;
				CURRENT_PROJECT_VERSION = 1;
				DEVELOPMENT_TEAM = 569GNZ5392;
				GENERATE_INFOPLIST_FILE = YES;
				IPHONEOS_DEPLOYMENT_TARGET = 15.5;
				MARKETING_VERSION = 1.0;
				PRODUCT_BUNDLE_IDENTIFIER = "com.netease.yunxin.kit.liveroom.-YinJieApp.NECopyRightMedia-ExampleTests";
				PRODUCT_NAME = "$(TARGET_NAME)";
				SWIFT_EMIT_LOC_STRINGS = NO;
				TARGETED_DEVICE_FAMILY = "1,2";
				TEST_HOST = "$(BUILT_PRODUCTS_DIR)/NECopyRightMedia-Example.app/NECopyRightMedia-Example";
			};
			name = Debug;
		};
		EDB435152886A52D003A23F7 /* Release */ = {
			isa = XCBuildConfiguration;
			baseConfigurationReference = 5F87D786CF76C7332EFE4E00 /* Pods-NECopyRightMedia-ExampleTests.release.xcconfig */;
			buildSettings = {
				BUNDLE_LOADER = "$(TEST_HOST)";
				CODE_SIGN_STYLE = Automatic;
				CURRENT_PROJECT_VERSION = 1;
				DEVELOPMENT_TEAM = 569GNZ5392;
				GENERATE_INFOPLIST_FILE = YES;
				IPHONEOS_DEPLOYMENT_TARGET = 15.5;
				MARKETING_VERSION = 1.0;
				PRODUCT_BUNDLE_IDENTIFIER = "com.netease.yunxin.kit.liveroom.-YinJieApp.NECopyRightMedia-ExampleTests";
				PRODUCT_NAME = "$(TARGET_NAME)";
				SWIFT_EMIT_LOC_STRINGS = NO;
				TARGETED_DEVICE_FAMILY = "1,2";
				TEST_HOST = "$(BUILT_PRODUCTS_DIR)/NECopyRightMedia-Example.app/NECopyRightMedia-Example";
			};
			name = Release;
		};
		EDB435172886A52D003A23F7 /* Debug */ = {
			isa = XCBuildConfiguration;
			baseConfigurationReference = DCC15F3D62B468562AC618D3 /* Pods-NECopyRightMedia-Example-NECopyRightMedia-ExampleUITests.debug.xcconfig */;
			buildSettings = {
				CODE_SIGN_STYLE = Automatic;
				CURRENT_PROJECT_VERSION = 1;
				DEVELOPMENT_TEAM = 569GNZ5392;
				GENERATE_INFOPLIST_FILE = YES;
				MARKETING_VERSION = 1.0;
				PRODUCT_BUNDLE_IDENTIFIER = "com.netease.yunxin.kit.liveroom.-YinJieApp.NECopyRightMedia-ExampleUITests";
				PRODUCT_NAME = "$(TARGET_NAME)";
				SWIFT_EMIT_LOC_STRINGS = NO;
				TARGETED_DEVICE_FAMILY = "1,2";
				TEST_TARGET_NAME = "NECopyRightMedia-Example";
			};
			name = Debug;
		};
		EDB435182886A52D003A23F7 /* Release */ = {
			isa = XCBuildConfiguration;
			baseConfigurationReference = 389C9538C72BD4CFFDBA31FC /* Pods-NECopyRightMedia-Example-NECopyRightMedia-ExampleUITests.release.xcconfig */;
			buildSettings = {
				CODE_SIGN_STYLE = Automatic;
				CURRENT_PROJECT_VERSION = 1;
				DEVELOPMENT_TEAM = 569GNZ5392;
				GENERATE_INFOPLIST_FILE = YES;
				MARKETING_VERSION = 1.0;
				PRODUCT_BUNDLE_IDENTIFIER = "com.netease.yunxin.kit.liveroom.-YinJieApp.NECopyRightMedia-ExampleUITests";
				PRODUCT_NAME = "$(TARGET_NAME)";
				SWIFT_EMIT_LOC_STRINGS = NO;
				TARGETED_DEVICE_FAMILY = "1,2";
				TEST_TARGET_NAME = "NECopyRightMedia-Example";
			};
			name = Release;
		};
/* End XCBuildConfiguration section */

/* Begin XCConfigurationList section */
		EDB434DC2886A52C003A23F7 /* Build configuration list for PBXProject "NECopyRightMedia-Example" */ = {
			isa = XCConfigurationList;
			buildConfigurations = (
				EDB4350E2886A52D003A23F7 /* Debug */,
				EDB4350F2886A52D003A23F7 /* Release */,
			);
			defaultConfigurationIsVisible = 0;
			defaultConfigurationName = Release;
		};
		EDB435102886A52D003A23F7 /* Build configuration list for PBXNativeTarget "NECopyRightMedia-Example" */ = {
			isa = XCConfigurationList;
			buildConfigurations = (
				EDB435112886A52D003A23F7 /* Debug */,
				EDB435122886A52D003A23F7 /* Release */,
			);
			defaultConfigurationIsVisible = 0;
			defaultConfigurationName = Release;
		};
		EDB435132886A52D003A23F7 /* Build configuration list for PBXNativeTarget "NECopyRightMedia-ExampleTests" */ = {
			isa = XCConfigurationList;
			buildConfigurations = (
				EDB435142886A52D003A23F7 /* Debug */,
				EDB435152886A52D003A23F7 /* Release */,
			);
			defaultConfigurationIsVisible = 0;
			defaultConfigurationName = Release;
		};
		EDB435162886A52D003A23F7 /* Build configuration list for PBXNativeTarget "NECopyRightMedia-ExampleUITests" */ = {
			isa = XCConfigurationList;
			buildConfigurations = (
				EDB435172886A52D003A23F7 /* Debug */,
				EDB435182886A52D003A23F7 /* Release */,
			);
			defaultConfigurationIsVisible = 0;
			defaultConfigurationName = Release;
		};
/* End XCConfigurationList section */
	};
	rootObject = EDB434D92886A52C003A23F7 /* Project object */;
}
